
Microsoft Visual Studio Solution File, Format Version 12.00
# Visual Studio Version 17
VisualStudioVersion = 17.5.33627.172
MinimumVisualStudioVersion = 10.0.40219.1
Project("{FAE04EC0-301F-11D3-BF4B-00C04F79EFBC}") = "ShogiGame", "ShogiGame\ShogiGame.csproj", "{2F664E77-F1E1-48B4-8828-2A5DF34F5C69}"
EndProject
Global
	GlobalSection(SolutionConfigurationPlatforms) = preSolution
		Debug|Any CPU = Debug|Any CPU
		Release|Any CPU = Release|Any CPU
	EndGlobalSection
	GlobalSection(ProjectConfigurationPlatforms) = postSolution
		{2F664E77-F1E1-48B4-8828-2A5DF34F5C69}.Debug|Any CPU.ActiveCfg = Debug|Any CPU
		{2F664E77-F1E1-48B4-8828-2A5DF34F5C69}.Debug|Any CPU.Build.0 = Debug|Any CPU
		{2F664E77-F1E1-48B4-8828-2A5DF34F5C69}.Release|Any CPU.ActiveCfg = Release|Any CPU
		{2F664E77-F1E1-48B4-8828-2A5DF34F5C69}.Release|Any CPU.Build.0 = Release|Any CPU
	EndGlobalSection
	GlobalSection(SolutionProperties) = preSolution
		HideSolutionNode = FALSE
	EndGlobalSection
	GlobalSection(ExtensibilityGlobals) = postSolution
		SolutionGuid = {AE59307D-4961-42D8-9930-83E8B42C1288}
	EndGlobalSection
EndGlobal
